
Microsoft Visual Studio Solution File, Format Version 12.00
# Visual Studio 14
VisualStudioVersion = 14.0.25420.1
MinimumVisualStudioVersion = 10.0.40219.1
Project("{FAE04EC0-301F-11D3-BF4B-00C04F79EFBC}") = "SideKik", "SideKik\SideKik.csproj", "{1AEBB2E4-E4C6-4B68-9FD4-D91AA6CFE289}"
EndProject
Project("{FAE04EC0-301F-11D3-BF4B-00C04F79EFBC}") = "SideKikTests", "SideKikTests\SideKikTests.csproj", "{D1DEE2EB-E95E-46F8-A54C-38B11272F18E}"
EndProject
Project("{FAE04EC0-301F-11D3-BF4B-00C04F79EFBC}") = "SideKik.Marieke", "SideKik.Marieke\SideKik.Marieke.csproj", "{C86F025B-8A8E-46EF-A739-6C4E457AE5BE}"
EndProject
Global
	GlobalSection(SolutionConfigurationPlatforms) = preSolution
		Debug|Any CPU = Debug|Any CPU
		Release|Any CPU = Release|Any CPU
	EndGlobalSection
	GlobalSection(ProjectConfigurationPlatforms) = postSolution
		{1AEBB2E4-E4C6-4B68-9FD4-D91AA6CFE289}.Debug|Any CPU.ActiveCfg = Debug|Any CPU
		{1AEBB2E4-E4C6-4B68-9FD4-D91AA6CFE289}.Debug|Any CPU.Build.0 = Debug|Any CPU
		{1AEBB2E4-E4C6-4B68-9FD4-D91AA6CFE289}.Release|Any CPU.ActiveCfg = Release|Any CPU
		{1AEBB2E4-E4C6-4B68-9FD4-D91AA6CFE289}.Release|Any CPU.Build.0 = Release|Any CPU
		{D1DEE2EB-E95E-46F8-A54C-38B11272F18E}.Debug|Any CPU.ActiveCfg = Debug|Any CPU
		{D1DEE2EB-E95E-46F8-A54C-38B11272F18E}.Debug|Any CPU.Build.0 = Debug|Any CPU
		{D1DEE2EB-E95E-46F8-A54C-38B11272F18E}.Release|Any CPU.ActiveCfg = Release|Any CPU
		{D1DEE2EB-E95E-46F8-A54C-38B11272F18E}.Release|Any CPU.Build.0 = Release|Any CPU
		{C86F025B-8A8E-46EF-A739-6C4E457AE5BE}.Debug|Any CPU.ActiveCfg = Debug|Any CPU
		{C86F025B-8A8E-46EF-A739-6C4E457AE5BE}.Debug|Any CPU.Build.0 = Debug|Any CPU
		{C86F025B-8A8E-46EF-A739-6C4E457AE5BE}.Release|Any CPU.ActiveCfg = Release|Any CPU
		{C86F025B-8A8E-46EF-A739-6C4E457AE5BE}.Release|Any CPU.Build.0 = Release|Any CPU
	EndGlobalSection
	GlobalSection(SolutionProperties) = preSolution
		HideSolutionNode = FALSE
	EndGlobalSection
EndGlobal
